
Microsoft Visual Studio Solution File, Format Version 12.00
# Visual Studio Version 16
VisualStudioVersion = 16.0.810.19
MinimumVisualStudioVersion = 10.0.40219.1
Project("{FAE04EC0-301F-11D3-BF4B-00C04F79EFBC}") = "Lectia_9_DemoStreamuri", "Lectia_9_DemoStreamuri\Lectia_9_DemoStreamuri.csproj", "{649CAC77-031A-446A-8511-0F5648052C76}"
EndProject
Global
	GlobalSection(SolutionConfigurationPlatforms) = preSolution
		Debug|Any CPU = Debug|Any CPU
		Release|Any CPU = Release|Any CPU
	EndGlobalSection
	GlobalSection(ProjectConfigurationPlatforms) = postSolution
		{649CAC77-031A-446A-8511-0F5648052C76}.Debug|Any CPU.ActiveCfg = Debug|Any CPU
		{649CAC77-031A-446A-8511-0F5648052C76}.Debug|Any CPU.Build.0 = Debug|Any CPU
		{649CAC77-031A-446A-8511-0F5648052C76}.Release|Any CPU.ActiveCfg = Release|Any CPU
		{649CAC77-031A-446A-8511-0F5648052C76}.Release|Any CPU.Build.0 = Release|Any CPU
	EndGlobalSection
	GlobalSection(SolutionProperties) = preSolution
		HideSolutionNode = FALSE
	EndGlobalSection
	GlobalSection(ExtensibilityGlobals) = postSolution
		SolutionGuid = {34483B5F-5947-48F1-A878-08519A933342}
	EndGlobalSection
EndGlobal
