
Microsoft Visual Studio Solution File, Format Version 12.00
# Visual Studio Version 16
VisualStudioVersion = 16.0.810.19
MinimumVisualStudioVersion = 10.0.40219.1
Project("{FAE04EC0-301F-11D3-BF4B-00C04F79EFBC}") = "Lectia12_ParalelSiAsincron", "Lectia12_ParalelSiAsincron\Lectia12_ParalelSiAsincron.csproj", "{06439990-0D2E-49B4-95A8-C2BB84A2A71F}"
EndProject
Global
	GlobalSection(SolutionConfigurationPlatforms) = preSolution
		Debug|Any CPU = Debug|Any CPU
		Release|Any CPU = Release|Any CPU
	EndGlobalSection
	GlobalSection(ProjectConfigurationPlatforms) = postSolution
		{06439990-0D2E-49B4-95A8-C2BB84A2A71F}.Debug|Any CPU.ActiveCfg = Debug|Any CPU
		{06439990-0D2E-49B4-95A8-C2BB84A2A71F}.Debug|Any CPU.Build.0 = Debug|Any CPU
		{06439990-0D2E-49B4-95A8-C2BB84A2A71F}.Release|Any CPU.ActiveCfg = Release|Any CPU
		{06439990-0D2E-49B4-95A8-C2BB84A2A71F}.Release|Any CPU.Build.0 = Release|Any CPU
	EndGlobalSection
	GlobalSection(SolutionProperties) = preSolution
		HideSolutionNode = FALSE
	EndGlobalSection
	GlobalSection(ExtensibilityGlobals) = postSolution
		SolutionGuid = {FBA7AAB6-ECCC-424C-B486-503DDD7034B2}
	EndGlobalSection
EndGlobal
