
Microsoft Visual Studio Solution File, Format Version 12.00
# Visual Studio Version 16
VisualStudioVersion = 16.0.810.17
MinimumVisualStudioVersion = 10.0.40219.1
Project("{FAE04EC0-301F-11D3-BF4B-00C04F79EFBC}") = "consoleApp1", "consoleApp1\consoleApp1.csproj", "{40D25F8A-17E9-4D11-8364-E95ABDBBC93A}"
EndProject
Global
	GlobalSection(SolutionConfigurationPlatforms) = preSolution
		Debug|Any CPU = Debug|Any CPU
		Release|Any CPU = Release|Any CPU
	EndGlobalSection
	GlobalSection(ProjectConfigurationPlatforms) = postSolution
		{40D25F8A-17E9-4D11-8364-E95ABDBBC93A}.Debug|Any CPU.ActiveCfg = Debug|Any CPU
		{40D25F8A-17E9-4D11-8364-E95ABDBBC93A}.Debug|Any CPU.Build.0 = Debug|Any CPU
		{40D25F8A-17E9-4D11-8364-E95ABDBBC93A}.Release|Any CPU.ActiveCfg = Release|Any CPU
		{40D25F8A-17E9-4D11-8364-E95ABDBBC93A}.Release|Any CPU.Build.0 = Release|Any CPU
	EndGlobalSection
	GlobalSection(SolutionProperties) = preSolution
		HideSolutionNode = FALSE
	EndGlobalSection
	GlobalSection(ExtensibilityGlobals) = postSolution
		SolutionGuid = {1FF4060F-A359-483A-AC4D-B5B3CC0994BE}
	EndGlobalSection
EndGlobal
